// !$*UTF8*$!
{
	archiveVersion = 1;
	classes = {
	};
	objectVersion = 56;
	objects = {

/* Begin PBXBuildFile section */
		C743B2CB29D091EE004A9B0E /* DogBreedsApp.swift in Sources */ = {isa = PBXBuildFile; fileRef = C743B2CA29D091EE004A9B0E /* DogBreedsApp.swift */; };
		C743B2CD29D091EE004A9B0E /* DetailView.swift in Sources */ = {isa = PBXBuildFile; fileRef = C743B2CC29D091EE004A9B0E /* DetailView.swift */; };
		C743B2CF29D091EF004A9B0E /* Assets.xcassets in Resources */ = {isa = PBXBuildFile; fileRef = C743B2CE29D091EF004A9B0E /* Assets.xcassets */; };
		C743B2D229D091EF004A9B0E /* Preview Assets.xcassets in Resources */ = {isa = PBXBuildFile; fileRef = C743B2D129D091EF004A9B0E /* Preview Assets.xcassets */; };
		C743B2DC29D091EF004A9B0E /* DogBreedsTests.swift in Sources */ = {isa = PBXBuildFile; fileRef = C743B2DB29D091EF004A9B0E /* DogBreedsTests.swift */; };
		C743B2E629D091EF004A9B0E /* DogBreedsUITests.swift in Sources */ = {isa = PBXBuildFile; fileRef = C743B2E529D091EF004A9B0E /* DogBreedsUITests.swift */; };
		C743B2E829D091EF004A9B0E /* DogBreedsUITestsLaunchTests.swift in Sources */ = {isa = PBXBuildFile; fileRef = C743B2E729D091EF004A9B0E /* DogBreedsUITestsLaunchTests.swift */; };
		C7C018D129D712E80078B857 /* BreedData.swift in Sources */ = {isa = PBXBuildFile; fileRef = C7C018D029D712E80078B857 /* BreedData.swift */; };
		C7C018D329D716160078B857 /* LabelsAndIconsView.swift in Sources */ = {isa = PBXBuildFile; fileRef = C7C018D229D716160078B857 /* LabelsAndIconsView.swift */; };
		C7C018D529D71B3C0078B857 /* RowView.swift in Sources */ = {isa = PBXBuildFile; fileRef = C7C018D429D71B3C0078B857 /* RowView.swift */; };
		C7C018D729D71D4E0078B857 /* ListView.swift in Sources */ = {isa = PBXBuildFile; fileRef = C7C018D629D71D4E0078B857 /* ListView.swift */; };
/* End PBXBuildFile section */

/* Begin PBXContainerItemProxy section */
		C743B2D829D091EF004A9B0E /* PBXContainerItemProxy */ = {
			isa = PBXContainerItemProxy;
			containerPortal = C743B2BF29D091EE004A9B0E /* Project object */;
			proxyType = 1;
			remoteGlobalIDString = C743B2C629D091EE004A9B0E;
			remoteInfo = DogBreeds;
		};
		C743B2E229D091EF004A9B0E /* PBXContainerItemProxy */ = {
			isa = PBXContainerItemProxy;
			containerPortal = C743B2BF29D091EE004A9B0E /* Project object */;
			proxyType = 1;
			remoteGlobalIDString = C743B2C629D091EE004A9B0E;
			remoteInfo = DogBreeds;
		};
/* End PBXContainerItemProxy section */

/* Begin PBXFileReference section */
		C743B2C729D091EE004A9B0E /* DogBreeds.app */ = {isa = PBXFileReference; explicitFileType = wrapper.application; includeInIndex = 0; path = DogBreeds.app; sourceTree = BUILT_PRODUCTS_DIR; };
		C743B2CA29D091EE004A9B0E /* DogBreedsApp.swift */ = {isa = PBXFileReference; lastKnownFileType = sourcecode.swift; path = DogBreedsApp.swift; sourceTree = "<group>"; };
		C743B2CC29D091EE004A9B0E /* DetailView.swift */ = {isa = PBXFileReference; lastKnownFileType = sourcecode.swift; path = DetailView.swift; sourceTree = "<group>"; };
		C743B2CE29D091EF004A9B0E /* Assets.xcassets */ = {isa = PBXFileReference; lastKnownFileType = folder.assetcatalog; path = Assets.xcassets; sourceTree = "<group>"; };
		C743B2D129D091EF004A9B0E /* Preview Assets.xcassets */ = {isa = PBXFileReference; lastKnownFileType = folder.assetcatalog; path = "Preview Assets.xcassets"; sourceTree = "<group>"; };
		C743B2D729D091EF004A9B0E /* DogBreedsTests.xctest */ = {isa = PBXFileReference; explicitFileType = wrapper.cfbundle; includeInIndex = 0; path = DogBreedsTests.xctest; sourceTree = BUILT_PRODUCTS_DIR; };
		C743B2DB29D091EF004A9B0E /* DogBreedsTests.swift */ = {isa = PBXFileReference; lastKnownFileType = sourcecode.swift; path = DogBreedsTests.swift; sourceTree = "<group>"; };
		C743B2E129D091EF004A9B0E /* DogBreedsUITests.xctest */ = {isa = PBXFileReference; explicitFileType = wrapper.cfbundle; includeInIndex = 0; path = DogBreedsUITests.xctest; sourceTree = BUILT_PRODUCTS_DIR; };
		C743B2E529D091EF004A9B0E /* DogBreedsUITests.swift */ = {isa = PBXFileReference; lastKnownFileType = sourcecode.swift; path = DogBreedsUITests.swift; sourceTree = "<group>"; };
		C743B2E729D091EF004A9B0E /* DogBreedsUITestsLaunchTests.swift */ = {isa = PBXFileReference; lastKnownFileType = sourcecode.swift; path = DogBreedsUITestsLaunchTests.swift; sourceTree = "<group>"; };
		C7C018D029D712E80078B857 /* BreedData.swift */ = {isa = PBXFileReference; lastKnownFileType = sourcecode.swift; path = BreedData.swift; sourceTree = "<group>"; };
		C7C018D229D716160078B857 /* LabelsAndIconsView.swift */ = {isa = PBXFileReference; lastKnownFileType = sourcecode.swift; path = LabelsAndIconsView.swift; sourceTree = "<group>"; };
		C7C018D429D71B3C0078B857 /* RowView.swift */ = {isa = PBXFileReference; lastKnownFileType = sourcecode.swift; path = RowView.swift; sourceTree = "<group>"; };
		C7C018D629D71D4E0078B857 /* ListView.swift */ = {isa = PBXFileReference; lastKnownFileType = sourcecode.swift; path = ListView.swift; sourceTree = "<group>"; };
/* End PBXFileReference section */

/* Begin PBXFrameworksBuildPhase section */
		C743B2C429D091EE004A9B0E /* Frameworks */ = {
			isa = PBXFrameworksBuildPhase;
			buildActionMask = 2147483647;
			files = (
			);
			runOnlyForDeploymentPostprocessing = 0;
		};
		C743B2D429D091EF004A9B0E /* Frameworks */ = {
			isa = PBXFrameworksBuildPhase;
			buildActionMask = 2147483647;
			files = (
			);
			runOnlyForDeploymentPostprocessing = 0;
		};
		C743B2DE29D091EF004A9B0E /* Frameworks */ = {
			isa = PBXFrameworksBuildPhase;
			buildActionMask = 2147483647;
			files = (
			);
			runOnlyForDeploymentPostprocessing = 0;
		};
/* End PBXFrameworksBuildPhase section */

/* Begin PBXGroup section */
		C743B2BE29D091EE004A9B0E = {
			isa = PBXGroup;
			children = (
				C743B2C929D091EE004A9B0E /* DogBreeds */,
				C743B2DA29D091EF004A9B0E /* DogBreedsTests */,
				C743B2E429D091EF004A9B0E /* DogBreedsUITests */,
				C743B2C829D091EE004A9B0E /* Products */,
			);
			sourceTree = "<group>";
		};
		C743B2C829D091EE004A9B0E /* Products */ = {
			isa = PBXGroup;
			children = (
				C743B2C729D091EE004A9B0E /* DogBreeds.app */,
				C743B2D729D091EF004A9B0E /* DogBreedsTests.xctest */,
				C743B2E129D091EF004A9B0E /* DogBreedsUITests.xctest */,
			);
			name = Products;
			sourceTree = "<group>";
		};
		C743B2C929D091EE004A9B0E /* DogBreeds */ = {
			isa = PBXGroup;
			children = (
				C7C018D629D71D4E0078B857 /* ListView.swift */,
				C743B2CC29D091EE004A9B0E /* DetailView.swift */,
				C7C018D429D71B3C0078B857 /* RowView.swift */,
				C7C018D029D712E80078B857 /* BreedData.swift */,
				C7C018D229D716160078B857 /* LabelsAndIconsView.swift */,
				C743B2CE29D091EF004A9B0E /* Assets.xcassets */,
				C743B2CA29D091EE004A9B0E /* DogBreedsApp.swift */,
				C743B2D029D091EF004A9B0E /* Preview Content */,
			);
			path = DogBreeds;
			sourceTree = "<group>";
		};
		C743B2D029D091EF004A9B0E /* Preview Content */ = {
			isa = PBXGroup;
			children = (
				C743B2D129D091EF004A9B0E /* Preview Assets.xcassets */,
			);
			path = "Preview Content";
			sourceTree = "<group>";
		};
		C743B2DA29D091EF004A9B0E /* DogBreedsTests */ = {
			isa = PBXGroup;
			children = (
				C743B2DB29D091EF004A9B0E /* DogBreedsTests.swift */,
			);
			path = DogBreedsTests;
			sourceTree = "<group>";
		};
		C743B2E429D091EF004A9B0E /* DogBreedsUITests */ = {
			isa = PBXGroup;
			children = (
				C743B2E529D091EF004A9B0E /* DogBreedsUITests.swift */,
				C743B2E729D091EF004A9B0E /* DogBreedsUITestsLaunchTests.swift */,
			);
			path = DogBreedsUITests;
			sourceTree = "<group>";
		};
/* End PBXGroup section */

/* Begin PBXNativeTarget section */
		C743B2C629D091EE004A9B0E /* DogBreeds */ = {
			isa = PBXNativeTarget;
			buildConfigurationList = C743B2EB29D091EF004A9B0E /* Build configuration list for PBXNativeTarget "DogBreeds" */;
			buildPhases = (
				C743B2C329D091EE004A9B0E /* Sources */,
				C743B2C429D091EE004A9B0E /* Frameworks */,
				C743B2C529D091EE004A9B0E /* Resources */,
			);
			buildRules = (
			);
			dependencies = (
			);
			name = DogBreeds;
			productName = DogBreeds;
			productReference = C743B2C729D091EE004A9B0E /* DogBreeds.app */;
			productType = "com.apple.product-type.application";
		};
		C743B2D629D091EF004A9B0E /* DogBreedsTests */ = {
			isa = PBXNativeTarget;
			buildConfigurationList = C743B2EE29D091EF004A9B0E /* Build configuration list for PBXNativeTarget "DogBreedsTests" */;
			buildPhases = (
				C743B2D329D091EF004A9B0E /* Sources */,
				C743B2D429D091EF004A9B0E /* Frameworks */,
				C743B2D529D091EF004A9B0E /* Resources */,
			);
			buildRules = (
			);
			dependencies = (
				C743B2D929D091EF004A9B0E /* PBXTargetDependency */,
			);
			name = DogBreedsTests;
			productName = DogBreedsTests;
			productReference = C743B2D729D091EF004A9B0E /* DogBreedsTests.xctest */;
			productType = "com.apple.product-type.bundle.unit-test";
		};
		C743B2E029D091EF004A9B0E /* DogBreedsUITests */ = {
			isa = PBXNativeTarget;
			buildConfigurationList = C743B2F129D091EF004A9B0E /* Build configuration list for PBXNativeTarget "DogBreedsUITests" */;
			buildPhases = (
				C743B2DD29D091EF004A9B0E /* Sources */,
				C743B2DE29D091EF004A9B0E /* Frameworks */,
				C743B2DF29D091EF004A9B0E /* Resources */,
			);
			buildRules = (
			);
			dependencies = (
				C743B2E329D091EF004A9B0E /* PBXTargetDependency */,
			);
			name = DogBreedsUITests;
			productName = DogBreedsUITests;
			productReference = C743B2E129D091EF004A9B0E /* DogBreedsUITests.xctest */;
			productType = "com.apple.product-type.bundle.ui-testing";
		};
/* End PBXNativeTarget section */

/* Begin PBXProject section */
		C743B2BF29D091EE004A9B0E /* Project object */ = {
			isa = PBXProject;
			attributes = {
				BuildIndependentTargetsInParallel = 1;
				LastSwiftUpdateCheck = 1420;
				LastUpgradeCheck = 1420;
				TargetAttributes = {
					C743B2C629D091EE004A9B0E = {
						CreatedOnToolsVersion = 14.2;
					};
					C743B2D629D091EF004A9B0E = {
						CreatedOnToolsVersion = 14.2;
						TestTargetID = C743B2C629D091EE004A9B0E;
					};
					C743B2E029D091EF004A9B0E = {
						CreatedOnToolsVersion = 14.2;
						TestTargetID = C743B2C629D091EE004A9B0E;
					};
				};
			};
			buildConfigurationList = C743B2C229D091EE004A9B0E /* Build configuration list for PBXProject "DogBreeds" */;
			compatibilityVersion = "Xcode 14.0";
			developmentRegion = en;
			hasScannedForEncodings = 0;
			knownRegions = (
				en,
				Base,
			);
			mainGroup = C743B2BE29D091EE004A9B0E;
			productRefGroup = C743B2C829D091EE004A9B0E /* Products */;
			projectDirPath = "";
			projectRoot = "";
			targets = (
				C743B2C629D091EE004A9B0E /* DogBreeds */,
				C743B2D629D091EF004A9B0E /* DogBreedsTests */,
				C743B2E029D091EF004A9B0E /* DogBreedsUITests */,
			);
		};
/* End PBXProject section */

/* Begin PBXResourcesBuildPhase section */
		C743B2C529D091EE004A9B0E /* Resources */ = {
			isa = PBXResourcesBuildPhase;
			buildActionMask = 2147483647;
			files = (
				C743B2D229D091EF004A9B0E /* Preview Assets.xcassets in Resources */,
				C743B2CF29D091EF004A9B0E /* Assets.xcassets in Resources */,
			);
			runOnlyForDeploymentPostprocessing = 0;
		};
		C743B2D529D091EF004A9B0E /* Resources */ = {
			isa = PBXResourcesBuildPhase;
			buildActionMask = 2147483647;
			files = (
			);
			runOnlyForDeploymentPostprocessing = 0;
		};
		C743B2DF29D091EF004A9B0E /* Resources */ = {
			isa = PBXResourcesBuildPhase;
			buildActionMask = 2147483647;
			files = (
			);
			runOnlyForDeploymentPostprocessing = 0;
		};
/* End PBXResourcesBuildPhase section */

/* Begin PBXSourcesBuildPhase section */
		C743B2C329D091EE004A9B0E /* Sources */ = {
			isa = PBXSourcesBuildPhase;
			buildActionMask = 2147483647;
			files = (
				C7C018D329D716160078B857 /* LabelsAndIconsView.swift in Sources */,
				C7C018D529D71B3C0078B857 /* RowView.swift in Sources */,
				C7C018D729D71D4E0078B857 /* ListView.swift in Sources */,
				C7C018D129D712E80078B857 /* BreedData.swift in Sources */,
				C743B2CD29D091EE004A9B0E /* DetailView.swift in Sources */,
				C743B2CB29D091EE004A9B0E /* DogBreedsApp.swift in Sources */,
			);
			runOnlyForDeploymentPostprocessing = 0;
		};
		C743B2D329D091EF004A9B0E /* Sources */ = {
			isa = PBXSourcesBuildPhase;
			buildActionMask = 2147483647;
			files = (
				C743B2DC29D091EF004A9B0E /* DogBreedsTests.swift in Sources */,
			);
			runOnlyForDeploymentPostprocessing = 0;
		};
		C743B2DD29D091EF004A9B0E /* Sources */ = {
			isa = PBXSourcesBuildPhase;
			buildActionMask = 2147483647;
			files = (
				C743B2E829D091EF004A9B0E /* DogBreedsUITestsLaunchTests.swift in Sources */,
				C743B2E629D091EF004A9B0E /* DogBreedsUITests.swift in Sources */,
			);
			runOnlyForDeploymentPostprocessing = 0;
		};
/* End PBXSourcesBuildPhase section */

/* Begin PBXTargetDependency section */
		C743B2D929D091EF004A9B0E /* PBXTargetDependency */ = {
			isa = PBXTargetDependency;
			target = C743B2C629D091EE004A9B0E /* DogBreeds */;
			targetProxy = C743B2D829D091EF004A9B0E /* PBXContainerItemProxy */;
		};
		C743B2E329D091EF004A9B0E /* PBXTargetDependency */ = {
			isa = PBXTargetDependency;
			target = C743B2C629D091EE004A9B0E /* DogBreeds */;
			targetProxy = C743B2E229D091EF004A9B0E /* PBXContainerItemProxy */;
		};
/* End PBXTargetDependency section */

/* Begin XCBuildConfiguration section */
		C743B2E929D091EF004A9B0E /* Debug */ = {
			isa = XCBuildConfiguration;
			buildSettings = {
				ALWAYS_SEARCH_USER_PATHS = NO;
				CLANG_ANALYZER_NONNULL = YES;
				CLANG_ANALYZER_NUMBER_OBJECT_CONVERSION = YES_AGGRESSIVE;
				CLANG_CXX_LANGUAGE_STANDARD = "gnu++20";
				CLANG_ENABLE_MODULES = YES;
				CLANG_ENABLE_OBJC_ARC = YES;
				CLANG_ENABLE_OBJC_WEAK = YES;
				CLANG_WARN_BLOCK_CAPTURE_AUTORELEASING = YES;
				CLANG_WARN_BOOL_CONVERSION = YES;
				CLANG_WARN_COMMA = YES;
				CLANG_WARN_CONSTANT_CONVERSION = YES;
				CLANG_WARN_DEPRECATED_OBJC_IMPLEMENTATIONS = YES;
				CLANG_WARN_DIRECT_OBJC_ISA_USAGE = YES_ERROR;
				CLANG_WARN_DOCUMENTATION_COMMENTS = YES;
				CLANG_WARN_EMPTY_BODY = YES;
				CLANG_WARN_ENUM_CONVERSION = YES;
				CLANG_WARN_INFINITE_RECURSION = YES;
				CLANG_WARN_INT_CONVERSION = YES;
				CLANG_WARN_NON_LITERAL_NULL_CONVERSION = YES;
				CLANG_WARN_OBJC_IMPLICIT_RETAIN_SELF = YES;
				CLANG_WARN_OBJC_LITERAL_CONVERSION = YES;
				CLANG_WARN_OBJC_ROOT_CLASS = YES_ERROR;
				CLANG_WARN_QUOTED_INCLUDE_IN_FRAMEWORK_HEADER = YES;
				CLANG_WARN_RANGE_LOOP_ANALYSIS = YES;
				CLANG_WARN_STRICT_PROTOTYPES = YES;
				CLANG_WARN_SUSPICIOUS_MOVE = YES;
				CLANG_WARN_UNGUARDED_AVAILABILITY = YES_AGGRESSIVE;
				CLANG_WARN_UNREACHABLE_CODE = YES;
				CLANG_WARN__DUPLICATE_METHOD_MATCH = YES;
				COPY_PHASE_STRIP = NO;
				DEBUG_INFORMATION_FORMAT = dwarf;
				ENABLE_STRICT_OBJC_MSGSEND = YES;
				ENABLE_TESTABILITY = YES;
				GCC_C_LANGUAGE_STANDARD = gnu11;
				GCC_DYNAMIC_NO_PIC = NO;
				GCC_NO_COMMON_BLOCKS = YES;
				GCC_OPTIMIZATION_LEVEL = 0;
				GCC_PREPROCESSOR_DEFINITIONS = (
					"DEBUG=1",
					"$(inherited)",
				);
				GCC_WARN_64_TO_32_BIT_CONVERSION = YES;
				GCC_WARN_ABOUT_RETURN_TYPE = YES_ERROR;
				GCC_WARN_UNDECLARED_SELECTOR = YES;
				GCC_WARN_UNINITIALIZED_AUTOS = YES_AGGRESSIVE;
				GCC_WARN_UNUSED_FUNCTION = YES;
				GCC_WARN_UNUSED_VARIABLE = YES;
				IPHONEOS_DEPLOYMENT_TARGET = 16.2;
				MTL_ENABLE_DEBUG_INFO = INCLUDE_SOURCE;
				MTL_FAST_MATH = YES;
				ONLY_ACTIVE_ARCH = YES;
				SDKROOT = iphoneos;
				SWIFT_ACTIVE_COMPILATION_CONDITIONS = DEBUG;
				SWIFT_OPTIMIZATION_LEVEL = "-Onone";
			};
			name = Debug;
		};
		C743B2EA29D091EF004A9B0E /* Release */ = {
			isa = XCBuildConfiguration;
			buildSettings = {
				ALWAYS_SEARCH_USER_PATHS = NO;
				CLANG_ANALYZER_NONNULL = YES;
				CLANG_ANALYZER_NUMBER_OBJECT_CONVERSION = YES_AGGRESSIVE;
				CLANG_CXX_LANGUAGE_STANDARD = "gnu++20";
				CLANG_ENABLE_MODULES = YES;
				CLANG_ENABLE_OBJC_ARC = YES;
				CLANG_ENABLE_OBJC_WEAK = YES;
				CLANG_WARN_BLOCK_CAPTURE_AUTORELEASING = YES;
				CLANG_WARN_BOOL_CONVERSION = YES;
				CLANG_WARN_COMMA = YES;
				CLANG_WARN_CONSTANT_CONVERSION = YES;
				CLANG_WARN_DEPRECATED_OBJC_IMPLEMENTATIONS = YES;
				CLANG_WARN_DIRECT_OBJC_ISA_USAGE = YES_ERROR;
				CLANG_WARN_DOCUMENTATION_COMMENTS = YES;
				CLANG_WARN_EMPTY_BODY = YES;
				CLANG_WARN_ENUM_CONVERSION = YES;
				CLANG_WARN_INFINITE_RECURSION = YES;
				CLANG_WARN_INT_CONVERSION = YES;
				CLANG_WARN_NON_LITERAL_NULL_CONVERSION = YES;
				CLANG_WARN_OBJC_IMPLICIT_RETAIN_SELF = YES;
				CLANG_WARN_OBJC_LITERAL_CONVERSION = YES;
				CLANG_WARN_OBJC_ROOT_CLASS = YES_ERROR;
				CLANG_WARN_QUOTED_INCLUDE_IN_FRAMEWORK_HEADER = YES;
				CLANG_WARN_RANGE_LOOP_ANALYSIS = YES;
				CLANG_WARN_STRICT_PROTOTYPES = YES;
				CLANG_WARN_SUSPICIOUS_MOVE = YES;
				CLANG_WARN_UNGUARDED_AVAILABILITY = YES_AGGRESSIVE;
				CLANG_WARN_UNREACHABLE_CODE = YES;
				CLANG_WARN__DUPLICATE_METHOD_MATCH = YES;
				COPY_PHASE_STRIP = NO;
				DEBUG_INFORMATION_FORMAT = "dwarf-with-dsym";
				ENABLE_NS_ASSERTIONS = NO;
				ENABLE_STRICT_OBJC_MSGSEND = YES;
				GCC_C_LANGUAGE_STANDARD = gnu11;
				GCC_NO_COMMON_BLOCKS = YES;
				GCC_WARN_64_TO_32_BIT_CONVERSION = YES;
				GCC_WARN_ABOUT_RETURN_TYPE = YES_ERROR;
				GCC_WARN_UNDECLARED_SELECTOR = YES;
				GCC_WARN_UNINITIALIZED_AUTOS = YES_AGGRESSIVE;
				GCC_WARN_UNUSED_FUNCTION = YES;
				GCC_WARN_UNUSED_VARIABLE = YES;
				IPHONEOS_DEPLOYMENT_TARGET = 16.2;
				MTL_ENABLE_DEBUG_INFO = NO;
				MTL_FAST_MATH = YES;
				SDKROOT = iphoneos;
				SWIFT_COMPILATION_MODE = wholemodule;
				SWIFT_OPTIMIZATION_LEVEL = "-O";
				VALIDATE_PRODUCT = YES;
			};
			name = Release;
		};
		C743B2EC29D091EF004A9B0E /* Debug */ = {
			isa = XCBuildConfiguration;
			buildSettings = {
				ASSETCATALOG_COMPILER_APPICON_NAME = AppIcon;
				ASSETCATALOG_COMPILER_GLOBAL_ACCENT_COLOR_NAME = AccentColor;
				CODE_SIGN_STYLE = Automatic;
				CURRENT_PROJECT_VERSION = 1;
				DEVELOPMENT_ASSET_PATHS = "\"DogBreeds/Preview Content\"";
				DEVELOPMENT_TEAM = J84R92GR68;
				ENABLE_PREVIEWS = YES;
				GENERATE_INFOPLIST_FILE = YES;
				INFOPLIST_KEY_UIApplicationSceneManifest_Generation = YES;
				INFOPLIST_KEY_UIApplicationSupportsIndirectInputEvents = YES;
				INFOPLIST_KEY_UILaunchScreen_Generation = YES;
				INFOPLIST_KEY_UISupportedInterfaceOrientations_iPad = "UIInterfaceOrientationPortrait UIInterfaceOrientationPortraitUpsideDown UIInterfaceOrientationLandscapeLeft UIInterfaceOrientationLandscapeRight";
				INFOPLIST_KEY_UISupportedInterfaceOrientations_iPhone = "UIInterfaceOrientationPortrait UIInterfaceOrientationLandscapeLeft UIInterfaceOrientationLandscapeRight";
				LD_RUNPATH_SEARCH_PATHS = (
					"$(inherited)",
					"@executable_path/Frameworks",
				);
				MARKETING_VERSION = 1.0;
				PRODUCT_BUNDLE_IDENTIFIER = com.LeandroOliveira.DogBreeds;
				PRODUCT_NAME = "$(TARGET_NAME)";
				SWIFT_EMIT_LOC_STRINGS = YES;
				SWIFT_VERSION = 5.0;
				TARGETED_DEVICE_FAMILY = "1,2";
			};
			name = Debug;
		};
		C743B2ED29D091EF004A9B0E /* Release */ = {
			isa = XCBuildConfiguration;
			buildSettings = {
				ASSETCATALOG_COMPILER_APPICON_NAME = AppIcon;
				ASSETCATALOG_COMPILER_GLOBAL_ACCENT_COLOR_NAME = AccentColor;
				CODE_SIGN_STYLE = Automatic;
				CURRENT_PROJECT_VERSION = 1;
				DEVELOPMENT_ASSET_PATHS = "\"DogBreeds/Preview Content\"";
				DEVELOPMENT_TEAM = J84R92GR68;
				ENABLE_PREVIEWS = YES;
				GENERATE_INFOPLIST_FILE = YES;
				INFOPLIST_KEY_UIApplicationSceneManifest_Generation = YES;
				INFOPLIST_KEY_UIApplicationSupportsIndirectInputEvents = YES;
				INFOPLIST_KEY_UILaunchScreen_Generation = YES;
				INFOPLIST_KEY_UISupportedInterfaceOrientations_iPad = "UIInterfaceOrientationPortrait UIInterfaceOrientationPortraitUpsideDown UIInterfaceOrientationLandscapeLeft UIInterfaceOrientationLandscapeRight";
				INFOPLIST_KEY_UISupportedInterfaceOrientations_iPhone = "UIInterfaceOrientationPortrait UIInterfaceOrientationLandscapeLeft UIInterfaceOrientationLandscapeRight";
				LD_RUNPATH_SEARCH_PATHS = (
					"$(inherited)",
					"@executable_path/Frameworks",
				);
				MARKETING_VERSION = 1.0;
				PRODUCT_BUNDLE_IDENTIFIER = com.LeandroOliveira.DogBreeds;
				PRODUCT_NAME = "$(TARGET_NAME)";
				SWIFT_EMIT_LOC_STRINGS = YES;
				SWIFT_VERSION = 5.0;
				TARGETED_DEVICE_FAMILY = "1,2";
			};
			name = Release;
		};
		C743B2EF29D091EF004A9B0E /* Debug */ = {
			isa = XCBuildConfiguration;
			buildSettings = {
				ALWAYS_EMBED_SWIFT_STANDARD_LIBRARIES = YES;
				BUNDLE_LOADER = "$(TEST_HOST)";
				CODE_SIGN_STYLE = Automatic;
				CURRENT_PROJECT_VERSION = 1;
				DEVELOPMENT_TEAM = J84R92GR68;
				GENERATE_INFOPLIST_FILE = YES;
				IPHONEOS_DEPLOYMENT_TARGET = 16.2;
				MARKETING_VERSION = 1.0;
				PRODUCT_BUNDLE_IDENTIFIER = com.LeandroOliveira.DogBreedsTests;
				PRODUCT_NAME = "$(TARGET_NAME)";
				SWIFT_EMIT_LOC_STRINGS = NO;
				SWIFT_VERSION = 5.0;
				TARGETED_DEVICE_FAMILY = "1,2";
				TEST_HOST = "$(BUILT_PRODUCTS_DIR)/DogBreeds.app/$(BUNDLE_EXECUTABLE_FOLDER_PATH)/DogBreeds";
			};
			name = Debug;
		};
		C743B2F029D091EF004A9B0E /* Release */ = {
			isa = XCBuildConfiguration;
			buildSettings = {
				ALWAYS_EMBED_SWIFT_STANDARD_LIBRARIES = YES;
				BUNDLE_LOADER = "$(TEST_HOST)";
				CODE_SIGN_STYLE = Automatic;
				CURRENT_PROJECT_VERSION = 1;
				DEVELOPMENT_TEAM = J84R92GR68;
				GENERATE_INFOPLIST_FILE = YES;
				IPHONEOS_DEPLOYMENT_TARGET = 16.2;
				MARKETING_VERSION = 1.0;
				PRODUCT_BUNDLE_IDENTIFIER = com.LeandroOliveira.DogBreedsTests;
				PRODUCT_NAME = "$(TARGET_NAME)";
				SWIFT_EMIT_LOC_STRINGS = NO;
				SWIFT_VERSION = 5.0;
				TARGETED_DEVICE_FAMILY = "1,2";
				TEST_HOST = "$(BUILT_PRODUCTS_DIR)/DogBreeds.app/$(BUNDLE_EXECUTABLE_FOLDER_PATH)/DogBreeds";
			};
			name = Release;
		};
		C743B2F229D091EF004A9B0E /* Debug */ = {
			isa = XCBuildConfiguration;
			buildSettings = {
				ALWAYS_EMBED_SWIFT_STANDARD_LIBRARIES = YES;
				CODE_SIGN_STYLE = Automatic;
				CURRENT_PROJECT_VERSION = 1;
				DEVELOPMENT_TEAM = J84R92GR68;
				GENERATE_INFOPLIST_FILE = YES;
				MARKETING_VERSION = 1.0;
				PRODUCT_BUNDLE_IDENTIFIER = com.LeandroOliveira.DogBreedsUITests;
				PRODUCT_NAME = "$(TARGET_NAME)";
				SWIFT_EMIT_LOC_STRINGS = NO;
				SWIFT_VERSION = 5.0;
				TARGETED_DEVICE_FAMILY = "1,2";
				TEST_TARGET_NAME = DogBreeds;
			};
			name = Debug;
		};
		C743B2F329D091EF004A9B0E /* Release */ = {
			isa = XCBuildConfiguration;
			buildSettings = {
				ALWAYS_EMBED_SWIFT_STANDARD_LIBRARIES = YES;
				CODE_SIGN_STYLE = Automatic;
				CURRENT_PROJECT_VERSION = 1;
				DEVELOPMENT_TEAM = J84R92GR68;
				GENERATE_INFOPLIST_FILE = YES;
				MARKETING_VERSION = 1.0;
				PRODUCT_BUNDLE_IDENTIFIER = com.LeandroOliveira.DogBreedsUITests;
				PRODUCT_NAME = "$(TARGET_NAME)";
				SWIFT_EMIT_LOC_STRINGS = NO;
				SWIFT_VERSION = 5.0;
				TARGETED_DEVICE_FAMILY = "1,2";
				TEST_TARGET_NAME = DogBreeds;
			};
			name = Release;
		};
/* End XCBuildConfiguration section */

/* Begin XCConfigurationList section */
		C743B2C229D091EE004A9B0E /* Build configuration list for PBXProject "DogBreeds" */ = {
			isa = XCConfigurationList;
			buildConfigurations = (
				C743B2E929D091EF004A9B0E /* Debug */,
				C743B2EA29D091EF004A9B0E /* Release */,
			);
			defaultConfigurationIsVisible = 0;
			defaultConfigurationName = Release;
		};
		C743B2EB29D091EF004A9B0E /* Build configuration list for PBXNativeTarget "DogBreeds" */ = {
			isa = XCConfigurationList;
			buildConfigurations = (
				C743B2EC29D091EF004A9B0E /* Debug */,
				C743B2ED29D091EF004A9B0E /* Release */,
			);
			defaultConfigurationIsVisible = 0;
			defaultConfigurationName = Release;
		};
		C743B2EE29D091EF004A9B0E /* Build configuration list for PBXNativeTarget "DogBreedsTests" */ = {
			isa = XCConfigurationList;
			buildConfigurations = (
				C743B2EF29D091EF004A9B0E /* Debug */,
				C743B2F029D091EF004A9B0E /* Release */,
			);
			defaultConfigurationIsVisible = 0;
			defaultConfigurationName = Release;
		};
		C743B2F129D091EF004A9B0E /* Build configuration list for PBXNativeTarget "DogBreedsUITests" */ = {
			isa = XCConfigurationList;
			buildConfigurations = (
				C743B2F229D091EF004A9B0E /* Debug */,
				C743B2F329D091EF004A9B0E /* Release */,
			);
			defaultConfigurationIsVisible = 0;
			defaultConfigurationName = Release;
		};
/* End XCConfigurationList section */
	};
	rootObject = C743B2BF29D091EE004A9B0E /* Project object */;
}
